
Microsoft Visual Studio Solution File, Format Version 12.00
# Visual Studio Version 16
VisualStudioVersion = 16.0.31313.79
MinimumVisualStudioVersion = 10.0.40219.1
Project("{9A19103F-16F7-4668-BE54-9A1E7A4F7556}") = "DeliveryApi.Core", "DeliveryApi.Core\DeliveryApi.Core.csproj", "{097F90B0-C06F-4A08-B1DA-BD115FD1C0BE}"
EndProject
Project("{9A19103F-16F7-4668-BE54-9A1E7A4F7556}") = "PartnerService", "PartnerService\PartnerService.csproj", "{A3C94DBD-7D09-43D2-9D97-AC3BDC353EB0}"
EndProject
Project("{9A19103F-16F7-4668-BE54-9A1E7A4F7556}") = "UserService", "UserService\UserService.csproj", "{BFD38B5D-0CD0-44AE-9848-9F854BDE197B}"
EndProject
Project("{9A19103F-16F7-4668-BE54-9A1E7A4F7556}") = "UserServiceTests", "..\Tests\UserServiceTests\UserServiceTests.csproj", "{F49387EE-206A-4FD5-A9A8-1A7D3F5B36D2}"
EndProject
Global
	GlobalSection(SolutionConfigurationPlatforms) = preSolution
		Debug|Any CPU = Debug|Any CPU
		Release|Any CPU = Release|Any CPU
	EndGlobalSection
	GlobalSection(ProjectConfigurationPlatforms) = postSolution
		{097F90B0-C06F-4A08-B1DA-BD115FD1C0BE}.Debug|Any CPU.ActiveCfg = Debug|Any CPU
		{097F90B0-C06F-4A08-B1DA-BD115FD1C0BE}.Debug|Any CPU.Build.0 = Debug|Any CPU
		{097F90B0-C06F-4A08-B1DA-BD115FD1C0BE}.Release|Any CPU.ActiveCfg = Release|Any CPU
		{097F90B0-C06F-4A08-B1DA-BD115FD1C0BE}.Release|Any CPU.Build.0 = Release|Any CPU
		{A3C94DBD-7D09-43D2-9D97-AC3BDC353EB0}.Debug|Any CPU.ActiveCfg = Debug|Any CPU
		{A3C94DBD-7D09-43D2-9D97-AC3BDC353EB0}.Debug|Any CPU.Build.0 = Debug|Any CPU
		{A3C94DBD-7D09-43D2-9D97-AC3BDC353EB0}.Release|Any CPU.ActiveCfg = Release|Any CPU
		{A3C94DBD-7D09-43D2-9D97-AC3BDC353EB0}.Release|Any CPU.Build.0 = Release|Any CPU
		{BFD38B5D-0CD0-44AE-9848-9F854BDE197B}.Debug|Any CPU.ActiveCfg = Debug|Any CPU
		{BFD38B5D-0CD0-44AE-9848-9F854BDE197B}.Debug|Any CPU.Build.0 = Debug|Any CPU
		{BFD38B5D-0CD0-44AE-9848-9F854BDE197B}.Release|Any CPU.ActiveCfg = Release|Any CPU
		{BFD38B5D-0CD0-44AE-9848-9F854BDE197B}.Release|Any CPU.Build.0 = Release|Any CPU
		{F49387EE-206A-4FD5-A9A8-1A7D3F5B36D2}.Debug|Any CPU.ActiveCfg = Debug|Any CPU
		{F49387EE-206A-4FD5-A9A8-1A7D3F5B36D2}.Debug|Any CPU.Build.0 = Debug|Any CPU
		{F49387EE-206A-4FD5-A9A8-1A7D3F5B36D2}.Release|Any CPU.ActiveCfg = Release|Any CPU
		{F49387EE-206A-4FD5-A9A8-1A7D3F5B36D2}.Release|Any CPU.Build.0 = Release|Any CPU
	EndGlobalSection
	GlobalSection(SolutionProperties) = preSolution
		HideSolutionNode = FALSE
	EndGlobalSection
	GlobalSection(ExtensibilityGlobals) = postSolution
		SolutionGuid = {C3016D9B-D392-4C10-A853-769685C69FA2}
	EndGlobalSection
EndGlobal
